<?xml version="1.0" encoding="utf-8"?>
<Project ToolsVersion="4.0" xmlns="http://schemas.microsoft.com/developer/msbuild/2003">
  <ItemGroup>
    <ClInclude Include="DisplayRefreshRatePolicy.h">
      <Filter>Header Files</Filter>
    </ClInclude>
    <Filter Include="Source Files">
      <UniqueIdentifier>{4FC737F1-C7A5-4376-A066-2A32D752A2FF}</UniqueIdentifier>
      <Extensions>cpp;c;cc;cxx;c++;cppm;ixx;def;odl;idl;hpj;bat;asm;asmx</Extensions>
    </Filter>
    <Filter Include="Header Files">
      <UniqueIdentifier>{93995380-89BD-4b04-88EB-625FBE52EBFB}</UniqueIdentifier>
      <Extensions>h;hh;hpp;hxx;h++;hm;inl;inc;ipp;xsd</Extensions>
    </Filter>
    <Filter Include="Resource Files">
      <UniqueIdentifier>{67DA6AB6-F800-4c08-8B7A-83BB121AAD01}</UniqueIdentifier>
      <Extensions>rc;ico;cur;bmp;dlg;rc2;rct;bin;rgs;gif;jpg;jpeg;jpe;resx;tiff;tif;png;wav;mfcribbon-ms</Extensions>
    </Filter>
    <Filter Include="Source Files\video_frame_formatter">
      <UniqueIdentifier>{ec9d205a-5dac-492a-919c-c75983efe17a}</UniqueIdentifier>
    </Filter>
    <Filter Include="Header Files\video_frame_formatter">
      <UniqueIdentifier>{1049c3f7-7486-48b3-83c1-0a31f12feee1}</UniqueIdentifier>
    </Filter>
    <Filter Include="Header Files\blackmagic_decklink">
      <UniqueIdentifier>{01e34d3c-40ef-4bac-ac63-92a35b729466}</UniqueIdentifier>
    </Filter>
    <Filter Include="Source Files\blackmagic_decklink">
      <UniqueIdentifier>{5e8b88b3-01fd-4797-ad1f-4066604832fb}</UniqueIdentifier>
    </Filter>
    <Filter Include="Header Files\microsoft_directshow">
      <UniqueIdentifier>{5c1182d1-a336-4426-aa69-b33823df8e86}</UniqueIdentifier>
    </Filter>
    <Filter Include="Source Files\microsoft_directshow">
      <UniqueIdentifier>{c7a059d6-fde5-4fc8-b261-c3d4a04d5060}</UniqueIdentifier>
    </Filter>
    <Filter Include="Header Files\microsoft_directshow\live_source_filter">
      <UniqueIdentifier>{ba6aa8f6-9b02-46f0-b4c6-30625cbc85c5}</UniqueIdentifier>
    </Filter>
    <Filter Include="Source Files\microsoft_directshow\live_source_filter">
      <UniqueIdentifier>{8e30174c-f5ed-4375-8587-6831d7cd985a}</UniqueIdentifier>
    </Filter>
    <Filter Include="Header Files\microsoft_directshow\video_renderers">
      <UniqueIdentifier>{138feeb1-368f-44c0-9492-0199b0d3c0bc}</UniqueIdentifier>
    </Filter>
    <Filter Include="Source Files\microsoft_directshow\video_renderers">
      <UniqueIdentifier>{2c2580ce-9308-4ade-a329-212302d77d60}</UniqueIdentifier>
    </Filter>
	<Filter Include="Header Files\libplacebo">
	  <UniqueIdentifier>{6b2f5a46-b66f-48cd-b2fd-337f982eb61b}</UniqueIdentifier>
	</Filter>
	<Filter Include="Source Files\libplacebo">
	  <UniqueIdentifier>{16172c8f-08a8-48a8-b202-9549e85b140c}</UniqueIdentifier>
	</Filter>
  </ItemGroup>
  <ItemGroup>
    <ClCompile Include="DisplayRefreshRatePolicy.cpp">
      <Filter>Source Files</Filter>
    </ClCompile>
    <ClInclude Include="vprenderer\\LibplaceboPluginVideoRenderer.h">
      <Filter>Header Files\libplacebo</Filter>
    </ClInclude>
    <ClInclude Include="vprenderer\\LibplaceboOutputPolicy.h">
      <Filter>Header Files\libplacebo</Filter>
    </ClInclude>
    <ClInclude Include="vprenderer\\AlphaPresentationTelemetry.h">
      <Filter>Header Files\libplacebo</Filter>
    </ClInclude>
    <ClInclude Include="vprenderer\\AlphaCadenceCorrectionPolicy.h">
      <Filter>Header Files\libplacebo</Filter>
    </ClInclude>
    <ClInclude Include="vprenderer\\LibplaceboRendererPluginApi.h">
      <Filter>Header Files\libplacebo</Filter>
    </ClInclude>
    <ClInclude Include="framework.h">
      <Filter>Header Files</Filter>
    </ClInclude>
    <ClInclude Include="AspectRatio.h">
      <Filter>Header Files</Filter>
    </ClInclude>
    <ClInclude Include="StateVariables.h">
      <Filter>Header Files</Filter>
    </ClInclude>
    <ClInclude Include="UnifiedProfileRuntime.h">
      <Filter>Header Files</Filter>
    </ClInclude>
    <ClInclude Include="pch.h">
      <Filter>Header Files</Filter>
    </ClInclude>
    <ClInclude Include="video_frame_formatter\CV210toP010VideoFrameFormatter.h">
      <Filter>Header Files\video_frame_formatter</Filter>
    </ClInclude>
    <ClInclude Include="video_frame_formatter\CV210toP210VideoFrameFormatter.h">
      <Filter>Header Files\video_frame_formatter</Filter>
    </ClInclude>
    <ClInclude Include="video_frame_formatter\IVideoFrameFormatter.h">
      <Filter>Header Files\video_frame_formatter</Filter>
    </ClInclude>
    <ClInclude Include="video_frame_formatter\CDeckLinkRGBToP010VideoFrameFormatter.h">
	  <Filter>Header Files</Filter>
	</ClInclude>
    <ClInclude Include="video_frame_formatter\CR210toRGB48VideoFrameFormatter.h">
      <Filter>Header Files\video_frame_formatter</Filter>
    </ClInclude>
    <ClInclude Include="video_frame_formatter\CR12BtoRGB48VideoFrameFormatter.h">
      <Filter>Header Files\video_frame_formatter</Filter>
    </ClInclude>
    <ClInclude Include="video_frame_formatter\CNoopVideoFrameFormatter.h">
      <Filter>Header Files\video_frame_formatter</Filter>
    </ClInclude>
    <ClInclude Include="ACaptureDevice.h">
      <Filter>Header Files</Filter>
    </ClInclude>
    <ClInclude Include="ACaptureDeviceDiscoverer.h">
      <Filter>Header Files</Filter>
    </ClInclude>
    <ClInclude Include="BitDepth.h">
      <Filter>Header Files</Filter>
    </ClInclude>
    <ClInclude Include="CaptureInput.h">
      <Filter>Header Files</Filter>
    </ClInclude>
    <ClInclude Include="ColorSpace.h">
      <Filter>Header Files</Filter>
    </ClInclude>
    <ClInclude Include="DisplayMode.h">
      <Filter>Header Files</Filter>
    </ClInclude>
    <ClInclude Include="ColorFormat.h">
      <Filter>Header Files</Filter>
    </ClInclude>
    <ClInclude Include="EOTF.h">
      <Filter>Header Files</Filter>
    </ClInclude>
    <ClInclude Include="guid.h">
      <Filter>Header Files</Filter>
    </ClInclude>
    <ClInclude Include="HDRData.h">
      <Filter>Header Files</Filter>
    </ClInclude>
    <ClInclude Include="IRenderer.h">
      <Filter>Header Files</Filter>
    </ClInclude>
    <ClInclude Include="RendererLiveness.h">
      <Filter>Header Files</Filter>
    </ClInclude>
    <ClInclude Include="RendererIngressState.h">
      <Filter>Header Files</Filter>
    </ClInclude>
    <ClInclude Include="LiveFrameCounterTracker.h">
      <Filter>Header Files</Filter>
    </ClInclude>
    <ClInclude Include="RendererResetCoordinator.h">
      <Filter>Header Files</Filter>
    </ClInclude>
    <ClInclude Include="RendererResetPolicy.h">
      <Filter>Header Files</Filter>
    </ClInclude>
    <ClInclude Include="RendererResetRequest.h">
      <Filter>Header Files</Filter>
    </ClInclude>
    <ClInclude Include="RendererTransitionModel.h">
      <Filter>Header Files</Filter>
    </ClInclude>
    <ClInclude Include="ITimingClock.h">
      <Filter>Header Files</Filter>
    </ClInclude>
    <ClInclude Include="PixelValueRange.h">
      <Filter>Header Files</Filter>
    </ClInclude>
    <ClInclude Include="RendererId.h">
      <Filter>Header Files</Filter>
    </ClInclude>
    <ClInclude Include="VideoFrame.h">
      <Filter>Header Files</Filter>
    </ClInclude>
    <ClInclude Include="VideoFrameEncoding.h">
      <Filter>Header Files</Filter>
    </ClInclude>
    <ClInclude Include="VideoState.h">
      <Filter>Header Files</Filter>
    </ClInclude>
    <ClInclude Include="TimingClock.h">
      <Filter>Header Files</Filter>
    </ClInclude>
    <ClInclude Include="InputLocked.h">
      <Filter>Header Files</Filter>
    </ClInclude>
    <ClInclude Include="WallClock.h">
      <Filter>Header Files</Filter>
    </ClInclude>
    <ClInclude Include="blackmagic_decklink\BlackMagicDeckLinkCaptureDeviceDiscoverer.h">
      <Filter>Header Files\blackmagic_decklink</Filter>
    </ClInclude>
    <ClInclude Include="blackmagic_decklink\BlackMagicDeckLinkTranslate.h">
      <Filter>Header Files\blackmagic_decklink</Filter>
    </ClInclude>
    <ClInclude Include="blackmagic_decklink\BlackMagicDeckLinkCaptureDevice.h">
      <Filter>Header Files\blackmagic_decklink</Filter>
    </ClInclude>
    <ClInclude Include="microsoft_directshow\DirectShowDefines.h">
      <Filter>Header Files\microsoft_directshow</Filter>
    </ClInclude>
    <ClInclude Include="microsoft_directshow\DirectShowRendererStartStopTimeMethod.h">
      <Filter>Header Files\microsoft_directshow</Filter>
    </ClInclude>
    <ClInclude Include="microsoft_directshow\DirectShowTimingClock.h">
      <Filter>Header Files\microsoft_directshow</Filter>
    </ClInclude>
    <ClInclude Include="microsoft_directshow\DirectShowTranslations.h">
      <Filter>Header Files\microsoft_directshow</Filter>
    </ClInclude>
    <ClInclude Include="microsoft_directshow\live_source_filter\ALiveSourceVideoOutputPin.h">
      <Filter>Header Files\microsoft_directshow\live_source_filter</Filter>
    </ClInclude>
    <ClInclude Include="microsoft_directshow\live_source_filter\CBufferedLiveSourceVideoOutputPin.h">
      <Filter>Header Files\microsoft_directshow\live_source_filter</Filter>
    </ClInclude>
    <ClInclude Include="microsoft_directshow\live_source_filter\WindowsOcrSubtitleDetector.h">
      <Filter>Header Files\microsoft_directshow\live_source_filter</Filter>
    </ClInclude>
    <ClInclude Include="microsoft_directshow\live_source_filter\GpuSubtitleDetector.h">
      <Filter>Header Files\microsoft_directshow\live_source_filter</Filter>
    </ClInclude>
	<ClInclude Include="SubtitleRepositionMode.h">
	  <Filter>Header Files</Filter>
	</ClInclude>
	<ClInclude Include="PanelSubtitleTestMode.h">
	  <Filter>Header Files</Filter>
	</ClInclude>
    <ClInclude Include="microsoft_directshow\live_source_filter\CLiveSource.h">
      <Filter>Header Files\microsoft_directshow\live_source_filter</Filter>
    </ClInclude>
    <ClInclude Include="microsoft_directshow\live_source_filter\CUnbufferedLiveSourceVideoOutputPin.h">
      <Filter>Header Files\microsoft_directshow\live_source_filter</Filter>
    </ClInclude>
    <ClInclude Include="microsoft_directshow\live_source_filter\ILiveSource.h">
      <Filter>Header Files\microsoft_directshow\live_source_filter</Filter>
    </ClInclude>
    <ClInclude Include="microsoft_directshow\video_renderers\DirectShowVideoRenderers.h">
      <Filter>Header Files\microsoft_directshow\video_renderers</Filter>
    </ClInclude>
    <ClInclude Include="microsoft_directshow\video_renderers\DirectShowEnhancedVideoRenderer.h">
      <Filter>Header Files\microsoft_directshow\video_renderers</Filter>
    </ClInclude>
    <ClInclude Include="microsoft_directshow\video_renderers\DirectShowGraphExecutor.h">
      <Filter>Header Files\microsoft_directshow\video_renderers</Filter>
    </ClInclude>
    <ClInclude Include="microsoft_directshow\video_renderers\DirectShowGenericHDRVideoRenderer.h">
      <Filter>Header Files\microsoft_directshow\video_renderers</Filter>
    </ClInclude>
    <ClInclude Include="microsoft_directshow\video_renderers\DirectShowGenericVideoRenderer.h">
      <Filter>Header Files\microsoft_directshow\video_renderers</Filter>
    </ClInclude>
    <ClInclude Include="microsoft_directshow\video_renderers\DirectShowMPCVideoRenderer.h">
      <Filter>Header Files\microsoft_directshow\video_renderers</Filter>
    </ClInclude>
    <ClInclude Include="microsoft_directshow\video_renderers\DirectShowVideoRenderer.h">
      <Filter>Header Files\microsoft_directshow\video_renderers</Filter>
    </ClInclude>
    <ClInclude Include="VideoConversionOverride.h">
      <Filter>Header Files</Filter>
    </ClInclude>
    <ClInclude Include="StringUtils.h">
      <Filter>Header Files</Filter>
    </ClInclude>
    <ClInclude Include="cie.h">
      <Filter>Header Files</Filter>
    </ClInclude>
    <ClInclude Include="DebugLog.h">
      <Filter>Header Files</Filter>
    </ClInclude>
    <ClInclude Include="DebugLogRetention.h">
      <Filter>Header Files</Filter>
    </ClInclude>
    <ClInclude Include="video_frame_formatter\CV210toP010VideoFrameFormatterSIMD.h">
      <Filter>Header Files</Filter>
    </ClInclude>
    <ClInclude Include="PPMCorrectionLoader.h">
      <Filter>Header Files</Filter>
    </ClInclude>
    <ClInclude Include="AutoPpmCalibrator.h">
      <Filter>Header Files</Filter>
    </ClInclude>
    <ClInclude Include="IntegerMath.h">
      <Filter>Header Files</Filter>
    </ClInclude>
	<ClInclude Include="LiveOutputTrace.h">
	  <Filter>Header Files</Filter>
	</ClInclude>
    <ClInclude Include="video_frame_formatter\CUYVYtoP010VideoFrameFormatter.h">
      <Filter>Header Files</Filter>
    </ClInclude>
    <ClInclude Include="video_frame_formatter\CARGBtoP010VideoFrameFormatter.h">
      <Filter>Header Files</Filter>
    </ClInclude>
    <ClInclude Include="ConfigFile.h">
      <Filter>Header Files</Filter>
    </ClInclude>
    <ClInclude Include="ConfigSchema.h">
      <Filter>Header Files</Filter>
    </ClInclude>
    <ClInclude Include="ActivePictureTransitionModel.h">
      <Filter>Header Files</Filter>
    </ClInclude>
    <ClInclude Include="P010ActivePictureEvidence.h">
      <Filter>Header Files</Filter>
    </ClInclude>
    <ClInclude Include="MainConfigSchema.h">
      <Filter>Header Files</Filter>
    </ClInclude>
	<ClInclude Include="microsoft_directshow\MadVRExternalPixelShaders.h">
	  <Filter>Header Files\microsoft_directshow</Filter>
	</ClInclude>
	<ClInclude Include="microsoft_directshow\MadVRShaderLoader.h">
	  <Filter>Header Files\microsoft_directshow</Filter>
	</ClInclude>
	<ClInclude Include="microsoft_directshow\MadVRShaderRuntimeState.h">
	  <Filter>Header Files\microsoft_directshow</Filter>
	</ClInclude>
  </ItemGroup>
  <ItemGroup>
    <ClCompile Include="vprenderer\\LibplaceboPluginVideoRenderer.cpp">
      <Filter>Source Files\libplacebo</Filter>
    </ClCompile>
    <ClCompile Include="vprenderer\\LibplaceboOutputPolicy.cpp">
      <Filter>Source Files\libplacebo</Filter>
    </ClCompile>
    <ClCompile Include="vprenderer\\AlphaPresentationTelemetry.cpp">
      <Filter>Source Files\libplacebo</Filter>
    </ClCompile>
    <ClCompile Include="vprenderer\\AlphaCadenceCorrectionPolicy.cpp">
      <Filter>Source Files\libplacebo</Filter>
    </ClCompile>
    <ClCompile Include="pch.cpp">
      <Filter>Source Files</Filter>
    </ClCompile>
    <ClCompile Include="video_frame_formatter\CV210toP210VideoFrameFormatter.cpp">
      <Filter>Source Files\video_frame_formatter</Filter>
    </ClCompile>
    <ClCompile Include="video_frame_formatter\CDeckLinkRGBToP010VideoFrameFormatter.cpp">
	  <Filter>Source Files</Filter>
	</ClCompile>
    <ClCompile Include="video_frame_formatter\CR210toRGB48VideoFrameFormatter.cpp">
      <Filter>Source Files\video_frame_formatter</Filter>
    </ClCompile>
    <ClCompile Include="video_frame_formatter\CR12BtoRGB48VideoFrameFormatter.cpp">
      <Filter>Source Files\video_frame_formatter</Filter>
    </ClCompile>
    <ClCompile Include="video_frame_formatter\CNoopVideoFrameFormatter.cpp">
      <Filter>Source Files\video_frame_formatter</Filter>
    </ClCompile>
    <ClCompile Include="ACaptureDevice.cpp">
      <Filter>Source Files</Filter>
    </ClCompile>
    <ClCompile Include="ActivePictureTransitionModel.cpp">
      <Filter>Source Files</Filter>
    </ClCompile>
    <ClCompile Include="P010ActivePictureEvidence.cpp">
      <Filter>Source Files</Filter>
    </ClCompile>
    <ClCompile Include="ACaptureDeviceDiscoverer.cpp">
      <Filter>Source Files</Filter>
    </ClCompile>
    <ClCompile Include="BitDepth.cpp">
      <Filter>Source Files</Filter>
    </ClCompile>
    <ClCompile Include="CaptureInput.cpp">
      <Filter>Source Files</Filter>
    </ClCompile>
    <ClCompile Include="ColorSpace.cpp">
      <Filter>Source Files</Filter>
    </ClCompile>
    <ClCompile Include="DisplayMode.cpp">
      <Filter>Source Files</Filter>
    </ClCompile>
    <ClCompile Include="ColorFormat.cpp">
      <Filter>Source Files</Filter>
    </ClCompile>
    <ClCompile Include="EOTF.cpp">
      <Filter>Source Files</Filter>
    </ClCompile>
    <ClCompile Include="guid.cpp">
      <Filter>Source Files</Filter>
    </ClCompile>
    <ClCompile Include="HDRData.cpp">
      <Filter>Source Files</Filter>
    </ClCompile>
    <ClCompile Include="IRenderer.cpp">
      <Filter>Source Files</Filter>
    </ClCompile>
    <ClCompile Include="PixelValueRange.cpp">
      <Filter>Source Files</Filter>
    </ClCompile>
    <ClCompile Include="RendererId.cpp">
      <Filter>Source Files</Filter>
    </ClCompile>
    <ClCompile Include="RendererResetCoordinator.cpp">
      <Filter>Source Files</Filter>
    </ClCompile>
    <ClCompile Include="RendererTransitionModel.cpp">
      <Filter>Source Files</Filter>
    </ClCompile>
    <ClCompile Include="StateVariables.cpp">
      <Filter>Source Files</Filter>
    </ClCompile>
    <ClCompile Include="UnifiedProfileRuntime.cpp">
      <Filter>Source Files</Filter>
    </ClCompile>
    <ClCompile Include="VideoFrame.cpp">
      <Filter>Source Files</Filter>
    </ClCompile>
    <ClCompile Include="VideoFrameEncoding.cpp">
      <Filter>Source Files</Filter>
    </ClCompile>
    <ClCompile Include="VideoState.cpp">
      <Filter>Source Files</Filter>
    </ClCompile>
    <ClCompile Include="TimingClock.cpp">
      <Filter>Source Files</Filter>
    </ClCompile>
    <ClCompile Include="InputLocked.cpp">
      <Filter>Source Files</Filter>
    </ClCompile>
    <ClCompile Include="WallClock.cpp">
      <Filter>Source Files</Filter>
    </ClCompile>
    <ClCompile Include="blackmagic_decklink\BlackMagicDeckLinkCaptureDeviceDiscoverer.cpp">
      <Filter>Source Files\blackmagic_decklink</Filter>
    </ClCompile>
    <ClCompile Include="blackmagic_decklink\BlackMagicDeckLinkTranslate.cpp">
      <Filter>Source Files\blackmagic_decklink</Filter>
    </ClCompile>
    <ClCompile Include="blackmagic_decklink\BlackMagicDeckLinkCaptureDevice.cpp">
      <Filter>Source Files\blackmagic_decklink</Filter>
    </ClCompile>
    <ClCompile Include="microsoft_directshow\DirectShowTranslations.cpp">
      <Filter>Source Files\microsoft_directshow</Filter>
    </ClCompile>
    <ClCompile Include="microsoft_directshow\DirectShowRendererStartStopTimeMethod.cpp">
      <Filter>Source Files\microsoft_directshow</Filter>
    </ClCompile>
    <ClCompile Include="microsoft_directshow\DirectShowTimingClock.cpp">
      <Filter>Source Files\microsoft_directshow</Filter>
    </ClCompile>
    <ClCompile Include="microsoft_directshow\live_source_filter\ALiveSourceVideoOutputPin.cpp">
      <Filter>Source Files\microsoft_directshow\live_source_filter</Filter>
    </ClCompile>
    <ClCompile Include="microsoft_directshow\live_source_filter\CBufferedLiveSourceVideoOutputPin.cpp">
      <Filter>Source Files\microsoft_directshow\live_source_filter</Filter>
    </ClCompile>
    <ClCompile Include="microsoft_directshow\live_source_filter\WindowsOcrSubtitleDetector.cpp">
      <Filter>Source Files\microsoft_directshow\live_source_filter</Filter>
    </ClCompile>
    <ClCompile Include="microsoft_directshow\live_source_filter\GpuSubtitleDetector.cpp">
      <Filter>Source Files\microsoft_directshow\live_source_filter</Filter>
    </ClCompile>
    <ClCompile Include="microsoft_directshow\live_source_filter\CLiveSource.cpp">
      <Filter>Source Files\microsoft_directshow\live_source_filter</Filter>
    </ClCompile>
    <ClCompile Include="microsoft_directshow\live_source_filter\CUnbufferedLiveSourceVideoOutputPin.cpp">
      <Filter>Source Files\microsoft_directshow\live_source_filter</Filter>
    </ClCompile>
    <ClCompile Include="microsoft_directshow\video_renderers\DirectShowEnhancedVideoRenderer.cpp">
      <Filter>Source Files\microsoft_directshow\video_renderers</Filter>
    </ClCompile>
    <ClCompile Include="microsoft_directshow\video_renderers\DirectShowGenericHDRVideoRenderer.cpp">
      <Filter>Source Files\microsoft_directshow\video_renderers</Filter>
    </ClCompile>
    <ClCompile Include="microsoft_directshow\video_renderers\DirectShowGenericVideoRenderer.cpp">
      <Filter>Source Files\microsoft_directshow\video_renderers</Filter>
    </ClCompile>
    <ClCompile Include="microsoft_directshow\video_renderers\DirectShowMPCVideoRenderer.cpp">
      <Filter>Source Files\microsoft_directshow\video_renderers</Filter>
    </ClCompile>
    <ClCompile Include="microsoft_directshow\video_renderers\DirectShowVideoRenderer.cpp">
      <Filter>Source Files\microsoft_directshow\video_renderers</Filter>
    </ClCompile>
    <ClCompile Include="microsoft_directshow\video_renderers\DirectShowVideoRenderers.cpp">
      <Filter>Source Files\microsoft_directshow\video_renderers</Filter>
    </ClCompile>
    <ClCompile Include="VideoConversionOverride.cpp">
      <Filter>Source Files</Filter>
    </ClCompile>
    <ClCompile Include="StringUtils.cpp">
      <Filter>Source Files</Filter>
    </ClCompile>
    <ClCompile Include="cie.cpp">
      <Filter>Source Files</Filter>
    </ClCompile>
    <ClCompile Include="PPMCorrectionLoader.cpp">
      <Filter>Source Files</Filter>
    </ClCompile>
    <ClCompile Include="video_frame_formatter\CV210toP010VideoFrameFormatter.cpp">
      <Filter>Source Files</Filter>
    </ClCompile>
    <ClCompile Include="AutoPpmCalibrator.cpp">
      <Filter>Source Files</Filter>
    </ClCompile>
    <ClCompile Include="video_frame_formatter\CUYVYtoP010VideoFrameFormatter.cpp">
      <Filter>Source Files</Filter>
    </ClCompile>
    <ClCompile Include="video_frame_formatter\CARGBtoP010VideoFrameFormatter.cpp">
      <Filter>Source Files</Filter>
    </ClCompile>
    <ClCompile Include="ConfigFile.cpp">
      <Filter>Source Files</Filter>
    </ClCompile>
	<ClCompile Include="microsoft_directshow\MadVRShaderLoader.cpp">
	  <Filter>Source Files\microsoft_directshow</Filter>
	</ClCompile>
	<ClCompile Include="microsoft_directshow\MadVRShaderRuntimeState.cpp">
	  <Filter>Source Files\microsoft_directshow</Filter>
	</ClCompile>
  </ItemGroup>
  <ItemGroup>
    <Text Include="microsoft_directshow\live_source_filter\ALiveSourceVideoOutputPin_tracking_snippet.txt" />
  </ItemGroup>
  <ItemGroup>
	<ClInclude Include="PanelSubtitleDetector.h">
	  <Filter>Header Files</Filter>
	</ClInclude>
	<ClInclude Include="PanelSubtitleDiagnostic.h">
	  <Filter>Header Files</Filter>
	</ClInclude>
	<ClCompile Include="PanelSubtitleDetector.cpp">
	  <Filter>Source Files</Filter>
	</ClCompile>
	<ClCompile Include="PanelSubtitleDiagnostic.cpp">
	  <Filter>Source Files</Filter>
	</ClCompile>
  </ItemGroup>
</Project>
